// !$*UTF8*$!
{
	archiveVersion = 1;
	classes = {
	};
	objectVersion = 50;
	objects = {

/* Begin PBXBuildFile section */
		BA7C069C227CE90A0054FE02 /* AppDelegate.swift in Sources */ = {isa = PBXBuildFile; fileRef = BA7C069B227CE90A0054FE02 /* AppDelegate.swift */; };
		BA7C069E227CE90A0054FE02 /* ViewController.swift in Sources */ = {isa = PBXBuildFile; fileRef = BA7C069D227CE90A0054FE02 /* ViewController.swift */; };
		BA7C06A1227CE90A0054FE02 /* Main.storyboard in Resources */ = {isa = PBXBuildFile; fileRef = BA7C069F227CE90A0054FE02 /* Main.storyboard */; };
		BA7C06A3227CE90A0054FE02 /* Assets.xcassets in Resources */ = {isa = PBXBuildFile; fileRef = BA7C06A2227CE90A0054FE02 /* Assets.xcassets */; };
		BA7C06A6227CE90A0054FE02 /* LaunchScreen.storyboard in Resources */ = {isa = PBXBuildFile; fileRef = BA7C06A4227CE90A0054FE02 /* LaunchScreen.storyboard */; };
		BA7C06B1227CE90B0054FE02 /* Swipe_and_MatchTests.swift in Sources */ = {isa = PBXBuildFile; fileRef = BA7C06B0227CE90B0054FE02 /* Swipe_and_MatchTests.swift */; };
		BA7C06BC227CE90B0054FE02 /* Swipe_and_MatchUITests.swift in Sources */ = {isa = PBXBuildFile; fileRef = BA7C06BB227CE90B0054FE02 /* Swipe_and_MatchUITests.swift */; };
/* End PBXBuildFile section */

/* Begin PBXContainerItemProxy section */
		BA7C06AD227CE90B0054FE02 /* PBXContainerItemProxy */ = {
			isa = PBXContainerItemProxy;
			containerPortal = BA7C0690227CE90A0054FE02 /* Project object */;
			proxyType = 1;
			remoteGlobalIDString = BA7C0697227CE90A0054FE02;
			remoteInfo = "Swipe and Match";
		};
		BA7C06B8227CE90B0054FE02 /* PBXContainerItemProxy */ = {
			isa = PBXContainerItemProxy;
			containerPortal = BA7C0690227CE90A0054FE02 /* Project object */;
			proxyType = 1;
			remoteGlobalIDString = BA7C0697227CE90A0054FE02;
			remoteInfo = "Swipe and Match";
		};
/* End PBXContainerItemProxy section */

/* Begin PBXFileReference section */
		BA7C0698227CE90A0054FE02 /* Swipe and Match.app */ = {isa = PBXFileReference; explicitFileType = wrapper.application; includeInIndex = 0; path = "Swipe and Match.app"; sourceTree = BUILT_PRODUCTS_DIR; };
		BA7C069B227CE90A0054FE02 /* AppDelegate.swift */ = {isa = PBXFileReference; lastKnownFileType = sourcecode.swift; path = AppDelegate.swift; sourceTree = "<group>"; };
		BA7C069D227CE90A0054FE02 /* ViewController.swift */ = {isa = PBXFileReference; lastKnownFileType = sourcecode.swift; path = ViewController.swift; sourceTree = "<group>"; };
		BA7C06A0227CE90A0054FE02 /* Base */ = {isa = PBXFileReference; lastKnownFileType = file.storyboard; name = Base; path = Base.lproj/Main.storyboard; sourceTree = "<group>"; };
		BA7C06A2227CE90A0054FE02 /* Assets.xcassets */ = {isa = PBXFileReference; lastKnownFileType = folder.assetcatalog; path = Assets.xcassets; sourceTree = "<group>"; };
		BA7C06A5227CE90A0054FE02 /* Base */ = {isa = PBXFileReference; lastKnownFileType = file.storyboard; name = Base; path = Base.lproj/LaunchScreen.storyboard; sourceTree = "<group>"; };
		BA7C06A7227CE90A0054FE02 /* Info.plist */ = {isa = PBXFileReference; lastKnownFileType = text.plist.xml; path = Info.plist; sourceTree = "<group>"; };
		BA7C06AC227CE90B0054FE02 /* Swipe and MatchTests.xctest */ = {isa = PBXFileReference; explicitFileType = wrapper.cfbundle; includeInIndex = 0; path = "Swipe and MatchTests.xctest"; sourceTree = BUILT_PRODUCTS_DIR; };
		BA7C06B0227CE90B0054FE02 /* Swipe_and_MatchTests.swift */ = {isa = PBXFileReference; lastKnownFileType = sourcecode.swift; path = Swipe_and_MatchTests.swift; sourceTree = "<group>"; };
		BA7C06B2227CE90B0054FE02 /* Info.plist */ = {isa = PBXFileReference; lastKnownFileType = text.plist.xml; path = Info.plist; sourceTree = "<group>"; };
		BA7C06B7227CE90B0054FE02 /* Swipe and MatchUITests.xctest */ = {isa = PBXFileReference; explicitFileType = wrapper.cfbundle; includeInIndex = 0; path = "Swipe and MatchUITests.xctest"; sourceTree = BUILT_PRODUCTS_DIR; };
		BA7C06BB227CE90B0054FE02 /* Swipe_and_MatchUITests.swift */ = {isa = PBXFileReference; lastKnownFileType = sourcecode.swift; path = Swipe_and_MatchUITests.swift; sourceTree = "<group>"; };
		BA7C06BD227CE90B0054FE02 /* Info.plist */ = {isa = PBXFileReference; lastKnownFileType = text.plist.xml; path = Info.plist; sourceTree = "<group>"; };
/* End PBXFileReference section */

/* Begin PBXFrameworksBuildPhase section */
		BA7C0695227CE90A0054FE02 /* Frameworks */ = {
			isa = PBXFrameworksBuildPhase;
			buildActionMask = 2147483647;
			files = (
			);
			runOnlyForDeploymentPostprocessing = 0;
		};
		BA7C06A9227CE90B0054FE02 /* Frameworks */ = {
			isa = PBXFrameworksBuildPhase;
			buildActionMask = 2147483647;
			files = (
			);
			runOnlyForDeploymentPostprocessing = 0;
		};
		BA7C06B4227CE90B0054FE02 /* Frameworks */ = {
			isa = PBXFrameworksBuildPhase;
			buildActionMask = 2147483647;
			files = (
			);
			runOnlyForDeploymentPostprocessing = 0;
		};
/* End PBXFrameworksBuildPhase section */

/* Begin PBXGroup section */
		BA7C068F227CE90A0054FE02 = {
			isa = PBXGroup;
			children = (
				BA7C069A227CE90A0054FE02 /* Swipe and Match */,
				BA7C06AF227CE90B0054FE02 /* Swipe and MatchTests */,
				BA7C06BA227CE90B0054FE02 /* Swipe and MatchUITests */,
				BA7C0699227CE90A0054FE02 /* Products */,
			);
			sourceTree = "<group>";
		};
		BA7C0699227CE90A0054FE02 /* Products */ = {
			isa = PBXGroup;
			children = (
				BA7C0698227CE90A0054FE02 /* Swipe and Match.app */,
				BA7C06AC227CE90B0054FE02 /* Swipe and MatchTests.xctest */,
				BA7C06B7227CE90B0054FE02 /* Swipe and MatchUITests.xctest */,
			);
			name = Products;
			sourceTree = "<group>";
		};
		BA7C069A227CE90A0054FE02 /* Swipe and Match */ = {
			isa = PBXGroup;
			children = (
				BA7C069B227CE90A0054FE02 /* AppDelegate.swift */,
				BA7C069D227CE90A0054FE02 /* ViewController.swift */,
				BA7C069F227CE90A0054FE02 /* Main.storyboard */,
				BA7C06A2227CE90A0054FE02 /* Assets.xcassets */,
				BA7C06A4227CE90A0054FE02 /* LaunchScreen.storyboard */,
				BA7C06A7227CE90A0054FE02 /* Info.plist */,
			);
			path = "Swipe and Match";
			sourceTree = "<group>";
		};
		BA7C06AF227CE90B0054FE02 /* Swipe and MatchTests */ = {
			isa = PBXGroup;
			children = (
				BA7C06B0227CE90B0054FE02 /* Swipe_and_MatchTests.swift */,
				BA7C06B2227CE90B0054FE02 /* Info.plist */,
			);
			path = "Swipe and MatchTests";
			sourceTree = "<group>";
		};
		BA7C06BA227CE90B0054FE02 /* Swipe and MatchUITests */ = {
			isa = PBXGroup;
			children = (
				BA7C06BB227CE90B0054FE02 /* Swipe_and_MatchUITests.swift */,
				BA7C06BD227CE90B0054FE02 /* Info.plist */,
			);
			path = "Swipe and MatchUITests";
			sourceTree = "<group>";
		};
/* End PBXGroup section */

/* Begin PBXNativeTarget section */
		BA7C0697227CE90A0054FE02 /* Swipe and Match */ = {
			isa = PBXNativeTarget;
			buildConfigurationList = BA7C06C0227CE90B0054FE02 /* Build configuration list for PBXNativeTarget "Swipe and Match" */;
			buildPhases = (
				BA7C0694227CE90A0054FE02 /* Sources */,
				BA7C0695227CE90A0054FE02 /* Frameworks */,
				BA7C0696227CE90A0054FE02 /* Resources */,
			);
			buildRules = (
			);
			dependencies = (
			);
			name = "Swipe and Match";
			productName = "Swipe and Match";
			productReference = BA7C0698227CE90A0054FE02 /* Swipe and Match.app */;
			productType = "com.apple.product-type.application";
		};
		BA7C06AB227CE90B0054FE02 /* Swipe and MatchTests */ = {
			isa = PBXNativeTarget;
			buildConfigurationList = BA7C06C3227CE90B0054FE02 /* Build configuration list for PBXNativeTarget "Swipe and MatchTests" */;
			buildPhases = (
				BA7C06A8227CE90B0054FE02 /* Sources */,
				BA7C06A9227CE90B0054FE02 /* Frameworks */,
				BA7C06AA227CE90B0054FE02 /* Resources */,
			);
			buildRules = (
			);
			dependencies = (
				BA7C06AE227CE90B0054FE02 /* PBXTargetDependency */,
			);
			name = "Swipe and MatchTests";
			productName = "Swipe and MatchTests";
			productReference = BA7C06AC227CE90B0054FE02 /* Swipe and MatchTests.xctest */;
			productType = "com.apple.product-type.bundle.unit-test";
		};
		BA7C06B6227CE90B0054FE02 /* Swipe and MatchUITests */ = {
			isa = PBXNativeTarget;
			buildConfigurationList = BA7C06C6227CE90B0054FE02 /* Build configuration list for PBXNativeTarget "Swipe and MatchUITests" */;
			buildPhases = (
				BA7C06B3227CE90B0054FE02 /* Sources */,
				BA7C06B4227CE90B0054FE02 /* Frameworks */,
				BA7C06B5227CE90B0054FE02 /* Resources */,
			);
			buildRules = (
			);
			dependencies = (
				BA7C06B9227CE90B0054FE02 /* PBXTargetDependency */,
			);
			name = "Swipe and MatchUITests";
			productName = "Swipe and MatchUITests";
			productReference = BA7C06B7227CE90B0054FE02 /* Swipe and MatchUITests.xctest */;
			productType = "com.apple.product-type.bundle.ui-testing";
		};
/* End PBXNativeTarget section */

/* Begin PBXProject section */
		BA7C0690227CE90A0054FE02 /* Project object */ = {
			isa = PBXProject;
			attributes = {
				LastSwiftUpdateCheck = 1020;
				LastUpgradeCheck = 1020;
				TargetAttributes = {
					BA7C0697227CE90A0054FE02 = {
						CreatedOnToolsVersion = 10.2.1;
					};
					BA7C06AB227CE90B0054FE02 = {
						CreatedOnToolsVersion = 10.2.1;
						TestTargetID = BA7C0697227CE90A0054FE02;
					};
					BA7C06B6227CE90B0054FE02 = {
						CreatedOnToolsVersion = 10.2.1;
						TestTargetID = BA7C0697227CE90A0054FE02;
					};
				};
			};
			buildConfigurationList = BA7C0693227CE90A0054FE02 /* Build configuration list for PBXProject "Swipe and Match" */;
			compatibilityVersion = "Xcode 9.3";
			developmentRegion = en;
			hasScannedForEncodings = 0;
			knownRegions = (
				en,
				Base,
			);
			mainGroup = BA7C068F227CE90A0054FE02;
			productRefGroup = BA7C0699227CE90A0054FE02 /* Products */;
			projectDirPath = "";
			projectRoot = "";
			targets = (
				BA7C0697227CE90A0054FE02 /* Swipe and Match */,
				BA7C06AB227CE90B0054FE02 /* Swipe and MatchTests */,
				BA7C06B6227CE90B0054FE02 /* Swipe and MatchUITests */,
			);
		};
/* End PBXProject section */

/* Begin PBXResourcesBuildPhase section */
		BA7C0696227CE90A0054FE02 /* Resources */ = {
			isa = PBXResourcesBuildPhase;
			buildActionMask = 2147483647;
			files = (
				BA7C06A6227CE90A0054FE02 /* LaunchScreen.storyboard in Resources */,
				BA7C06A3227CE90A0054FE02 /* Assets.xcassets in Resources */,
				BA7C06A1227CE90A0054FE02 /* Main.storyboard in Resources */,
			);
			runOnlyForDeploymentPostprocessing = 0;
		};
		BA7C06AA227CE90B0054FE02 /* Resources */ = {
			isa = PBXResourcesBuildPhase;
			buildActionMask = 2147483647;
			files = (
			);
			runOnlyForDeploymentPostprocessing = 0;
		};
		BA7C06B5227CE90B0054FE02 /* Resources */ = {
			isa = PBXResourcesBuildPhase;
			buildActionMask = 2147483647;
			files = (
			);
			runOnlyForDeploymentPostprocessing = 0;
		};
/* End PBXResourcesBuildPhase section */

/* Begin PBXSourcesBuildPhase section */
		BA7C0694227CE90A0054FE02 /* Sources */ = {
			isa = PBXSourcesBuildPhase;
			buildActionMask = 2147483647;
			files = (
				BA7C069E227CE90A0054FE02 /* ViewController.swift in Sources */,
				BA7C069C227CE90A0054FE02 /* AppDelegate.swift in Sources */,
			);
			runOnlyForDeploymentPostprocessing = 0;
		};
		BA7C06A8227CE90B0054FE02 /* Sources */ = {
			isa = PBXSourcesBuildPhase;
			buildActionMask = 2147483647;
			files = (
				BA7C06B1227CE90B0054FE02 /* Swipe_and_MatchTests.swift in Sources */,
			);
			runOnlyForDeploymentPostprocessing = 0;
		};
		BA7C06B3227CE90B0054FE02 /* Sources */ = {
			isa = PBXSourcesBuildPhase;
			buildActionMask = 2147483647;
			files = (
				BA7C06BC227CE90B0054FE02 /* Swipe_and_MatchUITests.swift in Sources */,
			);
			runOnlyForDeploymentPostprocessing = 0;
		};
/* End PBXSourcesBuildPhase section */

/* Begin PBXTargetDependency section */
		BA7C06AE227CE90B0054FE02 /* PBXTargetDependency */ = {
			isa = PBXTargetDependency;
			target = BA7C0697227CE90A0054FE02 /* Swipe and Match */;
			targetProxy = BA7C06AD227CE90B0054FE02 /* PBXContainerItemProxy */;
		};
		BA7C06B9227CE90B0054FE02 /* PBXTargetDependency */ = {
			isa = PBXTargetDependency;
			target = BA7C0697227CE90A0054FE02 /* Swipe and Match */;
			targetProxy = BA7C06B8227CE90B0054FE02 /* PBXContainerItemProxy */;
		};
/* End PBXTargetDependency section */

/* Begin PBXVariantGroup section */
		BA7C069F227CE90A0054FE02 /* Main.storyboard */ = {
			isa = PBXVariantGroup;
			children = (
				BA7C06A0227CE90A0054FE02 /* Base */,
			);
			name = Main.storyboard;
			sourceTree = "<group>";
		};
		BA7C06A4227CE90A0054FE02 /* LaunchScreen.storyboard */ = {
			isa = PBXVariantGroup;
			children = (
				BA7C06A5227CE90A0054FE02 /* Base */,
			);
			name = LaunchScreen.storyboard;
			sourceTree = "<group>";
		};
/* End PBXVariantGroup section */

/* Begin XCBuildConfiguration section */
		BA7C06BE227CE90B0054FE02 /* Debug */ = {
			isa = XCBuildConfiguration;
			buildSettings = {
				ALWAYS_SEARCH_USER_PATHS = NO;
				CLANG_ANALYZER_NONNULL = YES;
				CLANG_ANALYZER_NUMBER_OBJECT_CONVERSION = YES_AGGRESSIVE;
				CLANG_CXX_LANGUAGE_STANDARD = "gnu++14";
				CLANG_CXX_LIBRARY = "libc++";
				CLANG_ENABLE_MODULES = YES;
				CLANG_ENABLE_OBJC_ARC = YES;
				CLANG_ENABLE_OBJC_WEAK = YES;
				CLANG_WARN_BLOCK_CAPTURE_AUTORELEASING = YES;
				CLANG_WARN_BOOL_CONVERSION = YES;
				CLANG_WARN_COMMA = YES;
				CLANG_WARN_CONSTANT_CONVERSION = YES;
				CLANG_WARN_DEPRECATED_OBJC_IMPLEMENTATIONS = YES;
				CLANG_WARN_DIRECT_OBJC_ISA_USAGE = YES_ERROR;
				CLANG_WARN_DOCUMENTATION_COMMENTS = YES;
				CLANG_WARN_EMPTY_BODY = YES;
				CLANG_WARN_ENUM_CONVERSION = YES;
				CLANG_WARN_INFINITE_RECURSION = YES;
				CLANG_WARN_INT_CONVERSION = YES;
				CLANG_WARN_NON_LITERAL_NULL_CONVERSION = YES;
				CLANG_WARN_OBJC_IMPLICIT_RETAIN_SELF = YES;
				CLANG_WARN_OBJC_LITERAL_CONVERSION = YES;
				CLANG_WARN_OBJC_ROOT_CLASS = YES_ERROR;
				CLANG_WARN_RANGE_LOOP_ANALYSIS = YES;
				CLANG_WARN_STRICT_PROTOTYPES = YES;
				CLANG_WARN_SUSPICIOUS_MOVE = YES;
				CLANG_WARN_UNGUARDED_AVAILABILITY = YES_AGGRESSIVE;
				CLANG_WARN_UNREACHABLE_CODE = YES;
				CLANG_WARN__DUPLICATE_METHOD_MATCH = YES;
				CODE_SIGN_IDENTITY = "iPhone Developer";
				COPY_PHASE_STRIP = NO;
				DEBUG_INFORMATION_FORMAT = dwarf;
				ENABLE_STRICT_OBJC_MSGSEND = YES;
				ENABLE_TESTABILITY = YES;
				GCC_C_LANGUAGE_STANDARD = gnu11;
				GCC_DYNAMIC_NO_PIC = NO;
				GCC_NO_COMMON_BLOCKS = YES;
				GCC_OPTIMIZATION_LEVEL = 0;
				GCC_PREPROCESSOR_DEFINITIONS = (
					"DEBUG=1",
					"$(inherited)",
				);
				GCC_WARN_64_TO_32_BIT_CONVERSION = YES;
				GCC_WARN_ABOUT_RETURN_TYPE = YES_ERROR;
				GCC_WARN_UNDECLARED_SELECTOR = YES;
				GCC_WARN_UNINITIALIZED_AUTOS = YES_AGGRESSIVE;
				GCC_WARN_UNUSED_FUNCTION = YES;
				GCC_WARN_UNUSED_VARIABLE = YES;
				IPHONEOS_DEPLOYMENT_TARGET = 12.2;
				MTL_ENABLE_DEBUG_INFO = INCLUDE_SOURCE;
				MTL_FAST_MATH = YES;
				ONLY_ACTIVE_ARCH = YES;
				SDKROOT = iphoneos;
				SWIFT_ACTIVE_COMPILATION_CONDITIONS = DEBUG;
				SWIFT_OPTIMIZATION_LEVEL = "-Onone";
			};
			name = Debug;
		};
		BA7C06BF227CE90B0054FE02 /* Release */ = {
			isa = XCBuildConfiguration;
			buildSettings = {
				ALWAYS_SEARCH_USER_PATHS = NO;
				CLANG_ANALYZER_NONNULL = YES;
				CLANG_ANALYZER_NUMBER_OBJECT_CONVERSION = YES_AGGRESSIVE;
				CLANG_CXX_LANGUAGE_STANDARD = "gnu++14";
				CLANG_CXX_LIBRARY = "libc++";
				CLANG_ENABLE_MODULES = YES;
				CLANG_ENABLE_OBJC_ARC = YES;
				CLANG_ENABLE_OBJC_WEAK = YES;
				CLANG_WARN_BLOCK_CAPTURE_AUTORELEASING = YES;
				CLANG_WARN_BOOL_CONVERSION = YES;
				CLANG_WARN_COMMA = YES;
				CLANG_WARN_CONSTANT_CONVERSION = YES;
				CLANG_WARN_DEPRECATED_OBJC_IMPLEMENTATIONS = YES;
				CLANG_WARN_DIRECT_OBJC_ISA_USAGE = YES_ERROR;
				CLANG_WARN_DOCUMENTATION_COMMENTS = YES;
				CLANG_WARN_EMPTY_BODY = YES;
				CLANG_WARN_ENUM_CONVERSION = YES;
				CLANG_WARN_INFINITE_RECURSION = YES;
				CLANG_WARN_INT_CONVERSION = YES;
				CLANG_WARN_NON_LITERAL_NULL_CONVERSION = YES;
				CLANG_WARN_OBJC_IMPLICIT_RETAIN_SELF = YES;
				CLANG_WARN_OBJC_LITERAL_CONVERSION = YES;
				CLANG_WARN_OBJC_ROOT_CLASS = YES_ERROR;
				CLANG_WARN_RANGE_LOOP_ANALYSIS = YES;
				CLANG_WARN_STRICT_PROTOTYPES = YES;
				CLANG_WARN_SUSPICIOUS_MOVE = YES;
				CLANG_WARN_UNGUARDED_AVAILABILITY = YES_AGGRESSIVE;
				CLANG_WARN_UNREACHABLE_CODE = YES;
				CLANG_WARN__DUPLICATE_METHOD_MATCH = YES;
				CODE_SIGN_IDENTITY = "iPhone Developer";
				COPY_PHASE_STRIP = NO;
				DEBUG_INFORMATION_FORMAT = "dwarf-with-dsym";
				ENABLE_NS_ASSERTIONS = NO;
				ENABLE_STRICT_OBJC_MSGSEND = YES;
				GCC_C_LANGUAGE_STANDARD = gnu11;
				GCC_NO_COMMON_BLOCKS = YES;
				GCC_WARN_64_TO_32_BIT_CONVERSION = YES;
				GCC_WARN_ABOUT_RETURN_TYPE = YES_ERROR;
				GCC_WARN_UNDECLARED_SELECTOR = YES;
				GCC_WARN_UNINITIALIZED_AUTOS = YES_AGGRESSIVE;
				GCC_WARN_UNUSED_FUNCTION = YES;
				GCC_WARN_UNUSED_VARIABLE = YES;
				IPHONEOS_DEPLOYMENT_TARGET = 12.2;
				MTL_ENABLE_DEBUG_INFO = NO;
				MTL_FAST_MATH = YES;
				SDKROOT = iphoneos;
				SWIFT_COMPILATION_MODE = wholemodule;
				SWIFT_OPTIMIZATION_LEVEL = "-O";
				VALIDATE_PRODUCT = YES;
			};
			name = Release;
		};
		BA7C06C1227CE90B0054FE02 /* Debug */ = {
			isa = XCBuildConfiguration;
			buildSettings = {
				ASSETCATALOG_COMPILER_APPICON_NAME = AppIcon;
				CODE_SIGN_STYLE = Automatic;
				DEVELOPMENT_TEAM = JL84E9GK95;
				INFOPLIST_FILE = "Swipe and Match/Info.plist";
				LD_RUNPATH_SEARCH_PATHS = (
					"$(inherited)",
					"@executable_path/Frameworks",
				);
				PRODUCT_BUNDLE_IDENTIFIER = "com.vmihai12.Swipe-and-Match";
				PRODUCT_NAME = "$(TARGET_NAME)";
				SWIFT_VERSION = 5.0;
				TARGETED_DEVICE_FAMILY = "1,2";
			};
			name = Debug;
		};
		BA7C06C2227CE90B0054FE02 /* Release */ = {
			isa = XCBuildConfiguration;
			buildSettings = {
				ASSETCATALOG_COMPILER_APPICON_NAME = AppIcon;
				CODE_SIGN_STYLE = Automatic;
				DEVELOPMENT_TEAM = JL84E9GK95;
				INFOPLIST_FILE = "Swipe and Match/Info.plist";
				LD_RUNPATH_SEARCH_PATHS = (
					"$(inherited)",
					"@executable_path/Frameworks",
				);
				PRODUCT_BUNDLE_IDENTIFIER = "com.vmihai12.Swipe-and-Match";
				PRODUCT_NAME = "$(TARGET_NAME)";
				SWIFT_VERSION = 5.0;
				TARGETED_DEVICE_FAMILY = "1,2";
			};
			name = Release;
		};
		BA7C06C4227CE90B0054FE02 /* Debug */ = {
			isa = XCBuildConfiguration;
			buildSettings = {
				ALWAYS_EMBED_SWIFT_STANDARD_LIBRARIES = YES;
				BUNDLE_LOADER = "$(TEST_HOST)";
				CODE_SIGN_STYLE = Automatic;
				DEVELOPMENT_TEAM = JL84E9GK95;
				INFOPLIST_FILE = "Swipe and MatchTests/Info.plist";
				LD_RUNPATH_SEARCH_PATHS = (
					"$(inherited)",
					"@executable_path/Frameworks",
					"@loader_path/Frameworks",
				);
				PRODUCT_BUNDLE_IDENTIFIER = "com.vmihai12.Swipe-and-MatchTests";
				PRODUCT_NAME = "$(TARGET_NAME)";
				SWIFT_VERSION = 5.0;
				TARGETED_DEVICE_FAMILY = "1,2";
				TEST_HOST = "$(BUILT_PRODUCTS_DIR)/Swipe and Match.app/Swipe and Match";
			};
			name = Debug;
		};
		BA7C06C5227CE90B0054FE02 /* Release */ = {
			isa = XCBuildConfiguration;
			buildSettings = {
				ALWAYS_EMBED_SWIFT_STANDARD_LIBRARIES = YES;
				BUNDLE_LOADER = "$(TEST_HOST)";
				CODE_SIGN_STYLE = Automatic;
				DEVELOPMENT_TEAM = JL84E9GK95;
				INFOPLIST_FILE = "Swipe and MatchTests/Info.plist";
				LD_RUNPATH_SEARCH_PATHS = (
					"$(inherited)",
					"@executable_path/Frameworks",
					"@loader_path/Frameworks",
				);
				PRODUCT_BUNDLE_IDENTIFIER = "com.vmihai12.Swipe-and-MatchTests";
				PRODUCT_NAME = "$(TARGET_NAME)";
				SWIFT_VERSION = 5.0;
				TARGETED_DEVICE_FAMILY = "1,2";
				TEST_HOST = "$(BUILT_PRODUCTS_DIR)/Swipe and Match.app/Swipe and Match";
			};
			name = Release;
		};
		BA7C06C7227CE90B0054FE02 /* Debug */ = {
			isa = XCBuildConfiguration;
			buildSettings = {
				ALWAYS_EMBED_SWIFT_STANDARD_LIBRARIES = YES;
				CODE_SIGN_STYLE = Automatic;
				DEVELOPMENT_TEAM = JL84E9GK95;
				INFOPLIST_FILE = "Swipe and MatchUITests/Info.plist";
				LD_RUNPATH_SEARCH_PATHS = (
					"$(inherited)",
					"@executable_path/Frameworks",
					"@loader_path/Frameworks",
				);
				PRODUCT_BUNDLE_IDENTIFIER = "com.vmihai12.Swipe-and-MatchUITests";
				PRODUCT_NAME = "$(TARGET_NAME)";
				SWIFT_VERSION = 5.0;
				TARGETED_DEVICE_FAMILY = "1,2";
				TEST_TARGET_NAME = "Swipe and Match";
			};
			name = Debug;
		};
		BA7C06C8227CE90B0054FE02 /* Release */ = {
			isa = XCBuildConfiguration;
			buildSettings = {
				ALWAYS_EMBED_SWIFT_STANDARD_LIBRARIES = YES;
				CODE_SIGN_STYLE = Automatic;
				DEVELOPMENT_TEAM = JL84E9GK95;
				INFOPLIST_FILE = "Swipe and MatchUITests/Info.plist";
				LD_RUNPATH_SEARCH_PATHS = (
					"$(inherited)",
					"@executable_path/Frameworks",
					"@loader_path/Frameworks",
				);
				PRODUCT_BUNDLE_IDENTIFIER = "com.vmihai12.Swipe-and-MatchUITests";
				PRODUCT_NAME = "$(TARGET_NAME)";
				SWIFT_VERSION = 5.0;
				TARGETED_DEVICE_FAMILY = "1,2";
				TEST_TARGET_NAME = "Swipe and Match";
			};
			name = Release;
		};
/* End XCBuildConfiguration section */

/* Begin XCConfigurationList section */
		BA7C0693227CE90A0054FE02 /* Build configuration list for PBXProject "Swipe and Match" */ = {
			isa = XCConfigurationList;
			buildConfigurations = (
				BA7C06BE227CE90B0054FE02 /* Debug */,
				BA7C06BF227CE90B0054FE02 /* Release */,
			);
			defaultConfigurationIsVisible = 0;
			defaultConfigurationName = Release;
		};
		BA7C06C0227CE90B0054FE02 /* Build configuration list for PBXNativeTarget "Swipe and Match" */ = {
			isa = XCConfigurationList;
			buildConfigurations = (
				BA7C06C1227CE90B0054FE02 /* Debug */,
				BA7C06C2227CE90B0054FE02 /* Release */,
			);
			defaultConfigurationIsVisible = 0;
			defaultConfigurationName = Release;
		};
		BA7C06C3227CE90B0054FE02 /* Build configuration list for PBXNativeTarget "Swipe and MatchTests" */ = {
			isa = XCConfigurationList;
			buildConfigurations = (
				BA7C06C4227CE90B0054FE02 /* Debug */,
				BA7C06C5227CE90B0054FE02 /* Release */,
			);
			defaultConfigurationIsVisible = 0;
			defaultConfigurationName = Release;
		};
		BA7C06C6227CE90B0054FE02 /* Build configuration list for PBXNativeTarget "Swipe and MatchUITests" */ = {
			isa = XCConfigurationList;
			buildConfigurations = (
				BA7C06C7227CE90B0054FE02 /* Debug */,
				BA7C06C8227CE90B0054FE02 /* Release */,
			);
			defaultConfigurationIsVisible = 0;
			defaultConfigurationName = Release;
		};
/* End XCConfigurationList section */
	};
	rootObject = BA7C0690227CE90A0054FE02 /* Project object */;
}
